{
  "name": "backend",
  "lockfileVersion": 3,
  "requires": true,
  "packages": {
    "": {
      "dependencies": {
        "paddleocr": "^1.0.7"
      }
    },
    "node_modules/paddleocr": {
      "version": "1.0.7",
      "resolved": "https://registry.npmjs.org/paddleocr/-/paddleocr-1.0.7.tgz",
      "integrity": "sha512-9lF4qhAEiQ7dC1rxujwGhKDJ1pvLQg/CNYV31XzaqWLBC7NJyaA3AsVetKOcacU+FVC68mW/hdHbljloVhZcDA==",
      "license": "MIT"
    }
  }
}
